// !$*UTF8*$!
{
	archiveVersion = 1;
	classes = {
	};
	objectVersion = 46;
	objects = {

/* Begin PBXBuildFile section */
		02ECF1D61DE518050032EEC2 /* AppDelegate.swift in Sources */ = {isa = PBXBuildFile; fileRef = 02ECF1D51DE518050032EEC2 /* AppDelegate.swift */; };
		02ECF1DD1DE518050032EEC2 /* Assets.xcassets in Resources */ = {isa = PBXBuildFile; fileRef = 02ECF1DC1DE518050032EEC2 /* Assets.xcassets */; };
		02ECF1E01DE518050032EEC2 /* LaunchScreen.storyboard in Resources */ = {isa = PBXBuildFile; fileRef = 02ECF1DE1DE518050032EEC2 /* LaunchScreen.storyboard */; };
		378A44091E2434AA00A1373A /* GoogleService-Info.plist in Resources */ = {isa = PBXBuildFile; fileRef = 378A44081E2434AA00A1373A /* GoogleService-Info.plist */; };
		52B8CB3D6FBF6B47D6116ED5 /* Pods_ECaFT.framework in Frameworks */ = {isa = PBXBuildFile; fileRef = 9744EAF4BD284A05D8A29D36 /* Pods_ECaFT.framework */; };
		DA3A49FC20087952004170DF /* FilterOptionItem.swift in Sources */ = {isa = PBXBuildFile; fileRef = DA3A49FB20087952004170DF /* FilterOptionItem.swift */; };
		DA3A49FE20088166004170DF /* FilterViewModel.swift in Sources */ = {isa = PBXBuildFile; fileRef = DA3A49FD20088166004170DF /* FilterViewModel.swift */; };
		DA3A4A0120088625004170DF /* FilterTableViewCell.swift in Sources */ = {isa = PBXBuildFile; fileRef = DA3A49FF20088625004170DF /* FilterTableViewCell.swift */; };
		DA3A4A0220088625004170DF /* FilterTableViewCell.xib in Resources */ = {isa = PBXBuildFile; fileRef = DA3A4A0020088625004170DF /* FilterTableViewCell.xib */; };
		DA3BF0C62008F07C0086C042 /* Property.swift in Sources */ = {isa = PBXBuildFile; fileRef = DA3BF0C52008F07C0086C042 /* Property.swift */; };
		DA3BF0CA200922B60086C042 /* FilterSection.swift in Sources */ = {isa = PBXBuildFile; fileRef = DA3BF0C9200922B60086C042 /* FilterSection.swift */; };
		DA3BF0CC2009A8250086C042 /* CollapsibleFilterTableViewHeader.swift in Sources */ = {isa = PBXBuildFile; fileRef = DA3BF0CB2009A8250086C042 /* CollapsibleFilterTableViewHeader.swift */; };
		DA3BF0CE2009ACEE0086C042 /* Extensions.swift in Sources */ = {isa = PBXBuildFile; fileRef = DA3BF0CD2009ACEE0086C042 /* Extensions.swift */; };
		DA43D95F1FD1049800F580B9 /* FiltersViewController.swift in Sources */ = {isa = PBXBuildFile; fileRef = DA43D95E1FD1049800F580B9 /* FiltersViewController.swift */; };
		DA43D9621FD1050F00F580B9 /* ButtonSpacing.swift in Sources */ = {isa = PBXBuildFile; fileRef = DA43D9601FD1050F00F580B9 /* ButtonSpacing.swift */; };
		DA43D96B1FD1057100F580B9 /* MapViewController.swift in Sources */ = {isa = PBXBuildFile; fileRef = DA43D9641FD1057100F580B9 /* MapViewController.swift */; };
		DA43D96C1FD1057100F580B9 /* CompanyViewController.swift in Sources */ = {isa = PBXBuildFile; fileRef = DA43D9651FD1057100F580B9 /* CompanyViewController.swift */; };
		DA43D96D1FD1057100F580B9 /* HomeViewController.swift in Sources */ = {isa = PBXBuildFile; fileRef = DA43D9661FD1057100F580B9 /* HomeViewController.swift */; };
		DA43D96E1FD1057100F580B9 /* TabViewController.swift in Sources */ = {isa = PBXBuildFile; fileRef = DA43D9671FD1057100F580B9 /* TabViewController.swift */; };
		DA43D96F1FD1057100F580B9 /* MapViewController.xib in Resources */ = {isa = PBXBuildFile; fileRef = DA43D9681FD1057100F580B9 /* MapViewController.xib */; };
		DA43D9701FD1057100F580B9 /* CompanyDetailsViewController.swift in Sources */ = {isa = PBXBuildFile; fileRef = DA43D9691FD1057100F580B9 /* CompanyDetailsViewController.swift */; };
		DA43D9711FD1057100F580B9 /* FavoritesViewController.swift in Sources */ = {isa = PBXBuildFile; fileRef = DA43D96A1FD1057100F580B9 /* FavoritesViewController.swift */; };
		DA43D97E1FD1058B00F580B9 /* CompanyTableViewCell.xib in Resources */ = {isa = PBXBuildFile; fileRef = DA43D9721FD1058B00F580B9 /* CompanyTableViewCell.xib */; };
		DA43D97F1FD1058B00F580B9 /* NotesTableViewCell.xib in Resources */ = {isa = PBXBuildFile; fileRef = DA43D9731FD1058B00F580B9 /* NotesTableViewCell.xib */; };
		DA43D9801FD1058B00F580B9 /* CompanyInfoTableViewCell.swift in Sources */ = {isa = PBXBuildFile; fileRef = DA43D9741FD1058B00F580B9 /* CompanyInfoTableViewCell.swift */; };
		DA43D9811FD1058B00F580B9 /* NotesTableViewCell.swift in Sources */ = {isa = PBXBuildFile; fileRef = DA43D9751FD1058B00F580B9 /* NotesTableViewCell.swift */; };
		DA43D9821FD1058B00F580B9 /* textViewTableViewCell.xib in Resources */ = {isa = PBXBuildFile; fileRef = DA43D9761FD1058B00F580B9 /* textViewTableViewCell.xib */; };
		DA43D9831FD1058C00F580B9 /* CompanyInfoTableViewCell.xib in Resources */ = {isa = PBXBuildFile; fileRef = DA43D9771FD1058B00F580B9 /* CompanyInfoTableViewCell.xib */; };
		DA43D9841FD1058C00F580B9 /* ListTableViewCell.xib in Resources */ = {isa = PBXBuildFile; fileRef = DA43D9781FD1058B00F580B9 /* ListTableViewCell.xib */; };
		DA43D9851FD1058C00F580B9 /* FavoritesTableViewCell.xib in Resources */ = {isa = PBXBuildFile; fileRef = DA43D9791FD1058B00F580B9 /* FavoritesTableViewCell.xib */; };
		DA43D9861FD1058C00F580B9 /* textViewTableViewCell.swift in Sources */ = {isa = PBXBuildFile; fileRef = DA43D97A1FD1058B00F580B9 /* textViewTableViewCell.swift */; };
		DA43D9871FD1058C00F580B9 /* CompanyTableViewCell.swift in Sources */ = {isa = PBXBuildFile; fileRef = DA43D97B1FD1058B00F580B9 /* CompanyTableViewCell.swift */; };
		DA43D9881FD1058C00F580B9 /* FavoritesTableViewCell.swift in Sources */ = {isa = PBXBuildFile; fileRef = DA43D97C1FD1058B00F580B9 /* FavoritesTableViewCell.swift */; };
		DA43D9891FD1058C00F580B9 /* ListTableViewCell.swift in Sources */ = {isa = PBXBuildFile; fileRef = DA43D97D1FD1058B00F580B9 /* ListTableViewCell.swift */; };
		DA43D98C1FD1059700F580B9 /* Company.swift in Sources */ = {isa = PBXBuildFile; fileRef = DA43D98A1FD1059700F580B9 /* Company.swift */; };
		DA43D98D1FD1059700F580B9 /* CompanyViewModel.swift in Sources */ = {isa = PBXBuildFile; fileRef = DA43D98B1FD1059700F580B9 /* CompanyViewModel.swift */; };
		DAE05BAA201BCF5D004A351D /* ListViewController.swift in Sources */ = {isa = PBXBuildFile; fileRef = DAE05BA9201BCF5D004A351D /* ListViewController.swift */; };
		DAE05BAD201BDC31004A351D /* ListCollectionViewCell.swift in Sources */ = {isa = PBXBuildFile; fileRef = DAE05BAB201BDC31004A351D /* ListCollectionViewCell.swift */; };
		DAE05BAE201BDC31004A351D /* ListCollectionViewCell.xib in Resources */ = {isa = PBXBuildFile; fileRef = DAE05BAC201BDC31004A351D /* ListCollectionViewCell.xib */; };
		DAE05BB0201C0007004A351D /* ListCollectionViewHeader.swift in Sources */ = {isa = PBXBuildFile; fileRef = DAE05BAF201C0007004A351D /* ListCollectionViewHeader.swift */; };
		DAE05BB4201C2A66004A351D /* List.swift in Sources */ = {isa = PBXBuildFile; fileRef = DAE05BB3201C2A66004A351D /* List.swift */; };
		DAE05BB6201C2A79004A351D /* ListItem.swift in Sources */ = {isa = PBXBuildFile; fileRef = DAE05BB5201C2A79004A351D /* ListItem.swift */; };
/* End PBXBuildFile section */

/* Begin PBXFileReference section */
		02ECF1D21DE518050032EEC2 /* ECaFT.app */ = {isa = PBXFileReference; explicitFileType = wrapper.application; includeInIndex = 0; path = ECaFT.app; sourceTree = BUILT_PRODUCTS_DIR; };
		02ECF1D51DE518050032EEC2 /* AppDelegate.swift */ = {isa = PBXFileReference; lastKnownFileType = sourcecode.swift; path = AppDelegate.swift; sourceTree = "<group>"; };
		02ECF1DC1DE518050032EEC2 /* Assets.xcassets */ = {isa = PBXFileReference; lastKnownFileType = folder.assetcatalog; path = Assets.xcassets; sourceTree = "<group>"; };
		02ECF1DF1DE518050032EEC2 /* Base */ = {isa = PBXFileReference; lastKnownFileType = file.storyboard; name = Base; path = Base.lproj/LaunchScreen.storyboard; sourceTree = "<group>"; };
		02ECF1E11DE518050032EEC2 /* Info.plist */ = {isa = PBXFileReference; lastKnownFileType = text.plist.xml; path = Info.plist; sourceTree = "<group>"; };
		378A44081E2434AA00A1373A /* GoogleService-Info.plist */ = {isa = PBXFileReference; fileEncoding = 4; lastKnownFileType = text.plist.xml; path = "GoogleService-Info.plist"; sourceTree = "<group>"; };
		5AA22436DA24D1F81DA8EA9F /* Pods-ECaFT.release.xcconfig */ = {isa = PBXFileReference; includeInIndex = 1; lastKnownFileType = text.xcconfig; name = "Pods-ECaFT.release.xcconfig"; path = "Pods/Target Support Files/Pods-ECaFT/Pods-ECaFT.release.xcconfig"; sourceTree = "<group>"; };
		655850E907766C700827834D /* Pods-ECaFT.debug.xcconfig */ = {isa = PBXFileReference; includeInIndex = 1; lastKnownFileType = text.xcconfig; name = "Pods-ECaFT.debug.xcconfig"; path = "Pods/Target Support Files/Pods-ECaFT/Pods-ECaFT.debug.xcconfig"; sourceTree = "<group>"; };
		9744EAF4BD284A05D8A29D36 /* Pods_ECaFT.framework */ = {isa = PBXFileReference; explicitFileType = wrapper.framework; includeInIndex = 0; path = Pods_ECaFT.framework; sourceTree = BUILT_PRODUCTS_DIR; };
		DA3A49FB20087952004170DF /* FilterOptionItem.swift */ = {isa = PBXFileReference; lastKnownFileType = sourcecode.swift; name = FilterOptionItem.swift; path = Models/FilterOptionItem.swift; sourceTree = "<group>"; };
		DA3A49FD20088166004170DF /* FilterViewModel.swift */ = {isa = PBXFileReference; lastKnownFileType = sourcecode.swift; name = FilterViewModel.swift; path = Models/FilterViewModel.swift; sourceTree = "<group>"; };
		DA3A49FF20088625004170DF /* FilterTableViewCell.swift */ = {isa = PBXFileReference; lastKnownFileType = sourcecode.swift; name = FilterTableViewCell.swift; path = Views/FilterTableViewCell.swift; sourceTree = "<group>"; };
		DA3A4A0020088625004170DF /* FilterTableViewCell.xib */ = {isa = PBXFileReference; lastKnownFileType = file.xib; name = FilterTableViewCell.xib; path = Views/FilterTableViewCell.xib; sourceTree = "<group>"; };
		DA3BF0C52008F07C0086C042 /* Property.swift */ = {isa = PBXFileReference; lastKnownFileType = sourcecode.swift; name = Property.swift; path = Utilities/Property.swift; sourceTree = "<group>"; };
		DA3BF0C9200922B60086C042 /* FilterSection.swift */ = {isa = PBXFileReference; lastKnownFileType = sourcecode.swift; name = FilterSection.swift; path = Models/FilterSection.swift; sourceTree = "<group>"; };
		DA3BF0CB2009A8250086C042 /* CollapsibleFilterTableViewHeader.swift */ = {isa = PBXFileReference; lastKnownFileType = sourcecode.swift; name = CollapsibleFilterTableViewHeader.swift; path = Views/CollapsibleFilterTableViewHeader.swift; sourceTree = "<group>"; };
		DA3BF0CD2009ACEE0086C042 /* Extensions.swift */ = {isa = PBXFileReference; lastKnownFileType = sourcecode.swift; name = Extensions.swift; path = Utilities/Extensions.swift; sourceTree = "<group>"; };
		DA43D95E1FD1049800F580B9 /* FiltersViewController.swift */ = {isa = PBXFileReference; lastKnownFileType = sourcecode.swift; name = FiltersViewController.swift; path = ViewControllers/FiltersViewController.swift; sourceTree = "<group>"; };
		DA43D9601FD1050F00F580B9 /* ButtonSpacing.swift */ = {isa = PBXFileReference; fileEncoding = 4; lastKnownFileType = sourcecode.swift; name = ButtonSpacing.swift; path = Utilities/ButtonSpacing.swift; sourceTree = "<group>"; };
		DA43D9641FD1057100F580B9 /* MapViewController.swift */ = {isa = PBXFileReference; fileEncoding = 4; lastKnownFileType = sourcecode.swift; name = MapViewController.swift; path = ViewControllers/MapViewController.swift; sourceTree = "<group>"; };
		DA43D9651FD1057100F580B9 /* CompanyViewController.swift */ = {isa = PBXFileReference; fileEncoding = 4; lastKnownFileType = sourcecode.swift; name = CompanyViewController.swift; path = ViewControllers/CompanyViewController.swift; sourceTree = "<group>"; };
		DA43D9661FD1057100F580B9 /* HomeViewController.swift */ = {isa = PBXFileReference; fileEncoding = 4; lastKnownFileType = sourcecode.swift; name = HomeViewController.swift; path = ViewControllers/HomeViewController.swift; sourceTree = "<group>"; };
		DA43D9671FD1057100F580B9 /* TabViewController.swift */ = {isa = PBXFileReference; fileEncoding = 4; lastKnownFileType = sourcecode.swift; name = TabViewController.swift; path = ViewControllers/TabViewController.swift; sourceTree = "<group>"; };
		DA43D9681FD1057100F580B9 /* MapViewController.xib */ = {isa = PBXFileReference; fileEncoding = 4; lastKnownFileType = file.xib; name = MapViewController.xib; path = ViewControllers/MapViewController.xib; sourceTree = "<group>"; };
		DA43D9691FD1057100F580B9 /* CompanyDetailsViewController.swift */ = {isa = PBXFileReference; fileEncoding = 4; lastKnownFileType = sourcecode.swift; name = CompanyDetailsViewController.swift; path = ViewControllers/CompanyDetailsViewController.swift; sourceTree = "<group>"; };
		DA43D96A1FD1057100F580B9 /* FavoritesViewController.swift */ = {isa = PBXFileReference; fileEncoding = 4; lastKnownFileType = sourcecode.swift; name = FavoritesViewController.swift; path = ViewControllers/FavoritesViewController.swift; sourceTree = "<group>"; };
		DA43D9721FD1058B00F580B9 /* CompanyTableViewCell.xib */ = {isa = PBXFileReference; fileEncoding = 4; lastKnownFileType = file.xib; name = CompanyTableViewCell.xib; path = Views/CompanyTableViewCell.xib; sourceTree = "<group>"; };
		DA43D9731FD1058B00F580B9 /* NotesTableViewCell.xib */ = {isa = PBXFileReference; fileEncoding = 4; lastKnownFileType = file.xib; name = NotesTableViewCell.xib; path = Views/NotesTableViewCell.xib; sourceTree = "<group>"; };
		DA43D9741FD1058B00F580B9 /* CompanyInfoTableViewCell.swift */ = {isa = PBXFileReference; fileEncoding = 4; lastKnownFileType = sourcecode.swift; name = CompanyInfoTableViewCell.swift; path = Views/CompanyInfoTableViewCell.swift; sourceTree = "<group>"; };
		DA43D9751FD1058B00F580B9 /* NotesTableViewCell.swift */ = {isa = PBXFileReference; fileEncoding = 4; lastKnownFileType = sourcecode.swift; name = NotesTableViewCell.swift; path = Views/NotesTableViewCell.swift; sourceTree = "<group>"; };
		DA43D9761FD1058B00F580B9 /* textViewTableViewCell.xib */ = {isa = PBXFileReference; fileEncoding = 4; lastKnownFileType = file.xib; name = textViewTableViewCell.xib; path = Views/textViewTableViewCell.xib; sourceTree = "<group>"; };
		DA43D9771FD1058B00F580B9 /* CompanyInfoTableViewCell.xib */ = {isa = PBXFileReference; fileEncoding = 4; lastKnownFileType = file.xib; name = CompanyInfoTableViewCell.xib; path = Views/CompanyInfoTableViewCell.xib; sourceTree = "<group>"; };
		DA43D9781FD1058B00F580B9 /* ListTableViewCell.xib */ = {isa = PBXFileReference; fileEncoding = 4; lastKnownFileType = file.xib; name = ListTableViewCell.xib; path = Views/ListTableViewCell.xib; sourceTree = "<group>"; };
		DA43D9791FD1058B00F580B9 /* FavoritesTableViewCell.xib */ = {isa = PBXFileReference; fileEncoding = 4; lastKnownFileType = file.xib; name = FavoritesTableViewCell.xib; path = Views/FavoritesTableViewCell.xib; sourceTree = "<group>"; };
		DA43D97A1FD1058B00F580B9 /* textViewTableViewCell.swift */ = {isa = PBXFileReference; fileEncoding = 4; lastKnownFileType = sourcecode.swift; name = textViewTableViewCell.swift; path = Views/textViewTableViewCell.swift; sourceTree = "<group>"; };
		DA43D97B1FD1058B00F580B9 /* CompanyTableViewCell.swift */ = {isa = PBXFileReference; fileEncoding = 4; lastKnownFileType = sourcecode.swift; name = CompanyTableViewCell.swift; path = Views/CompanyTableViewCell.swift; sourceTree = "<group>"; };
		DA43D97C1FD1058B00F580B9 /* FavoritesTableViewCell.swift */ = {isa = PBXFileReference; fileEncoding = 4; lastKnownFileType = sourcecode.swift; name = FavoritesTableViewCell.swift; path = Views/FavoritesTableViewCell.swift; sourceTree = "<group>"; };
		DA43D97D1FD1058B00F580B9 /* ListTableViewCell.swift */ = {isa = PBXFileReference; fileEncoding = 4; lastKnownFileType = sourcecode.swift; name = ListTableViewCell.swift; path = Views/ListTableViewCell.swift; sourceTree = "<group>"; };
		DA43D98A1FD1059700F580B9 /* Company.swift */ = {isa = PBXFileReference; fileEncoding = 4; lastKnownFileType = sourcecode.swift; name = Company.swift; path = Models/Company.swift; sourceTree = "<group>"; };
		DA43D98B1FD1059700F580B9 /* CompanyViewModel.swift */ = {isa = PBXFileReference; fileEncoding = 4; lastKnownFileType = sourcecode.swift; name = CompanyViewModel.swift; path = Models/CompanyViewModel.swift; sourceTree = "<group>"; };
		DAE05BA9201BCF5D004A351D /* ListViewController.swift */ = {isa = PBXFileReference; lastKnownFileType = sourcecode.swift; name = ListViewController.swift; path = ViewControllers/ListViewController.swift; sourceTree = "<group>"; };
		DAE05BAB201BDC31004A351D /* ListCollectionViewCell.swift */ = {isa = PBXFileReference; lastKnownFileType = sourcecode.swift; name = ListCollectionViewCell.swift; path = Views/ListCollectionViewCell.swift; sourceTree = "<group>"; };
		DAE05BAC201BDC31004A351D /* ListCollectionViewCell.xib */ = {isa = PBXFileReference; lastKnownFileType = file.xib; name = ListCollectionViewCell.xib; path = Views/ListCollectionViewCell.xib; sourceTree = "<group>"; };
		DAE05BAF201C0007004A351D /* ListCollectionViewHeader.swift */ = {isa = PBXFileReference; lastKnownFileType = sourcecode.swift; name = ListCollectionViewHeader.swift; path = Views/ListCollectionViewHeader.swift; sourceTree = "<group>"; };
		DAE05BB3201C2A66004A351D /* List.swift */ = {isa = PBXFileReference; lastKnownFileType = sourcecode.swift; name = List.swift; path = Models/List.swift; sourceTree = "<group>"; };
		DAE05BB5201C2A79004A351D /* ListItem.swift */ = {isa = PBXFileReference; lastKnownFileType = sourcecode.swift; name = ListItem.swift; path = Models/ListItem.swift; sourceTree = "<group>"; };
/* End PBXFileReference section */

/* Begin PBXFrameworksBuildPhase section */
		02ECF1CF1DE518050032EEC2 /* Frameworks */ = {
			isa = PBXFrameworksBuildPhase;
			buildActionMask = 2147483647;
			files = (
				52B8CB3D6FBF6B47D6116ED5 /* Pods_ECaFT.framework in Frameworks */,
			);
			runOnlyForDeploymentPostprocessing = 0;
		};
/* End PBXFrameworksBuildPhase section */

/* Begin PBXGroup section */
		02ECF1C91DE518040032EEC2 = {
			isa = PBXGroup;
			children = (
				02ECF1D41DE518050032EEC2 /* ECaFT */,
				02ECF1D31DE518050032EEC2 /* Products */,
				27F50A7B7941D7582831B920 /* Pods */,
				7C6A5F1D847B7E1C5D120FAB /* Frameworks */,
			);
			sourceTree = "<group>";
		};
		02ECF1D31DE518050032EEC2 /* Products */ = {
			isa = PBXGroup;
			children = (
				02ECF1D21DE518050032EEC2 /* ECaFT.app */,
			);
			name = Products;
			sourceTree = "<group>";
		};
		02ECF1D41DE518050032EEC2 /* ECaFT */ = {
			isa = PBXGroup;
			children = (
				02ECF1D51DE518050032EEC2 /* AppDelegate.swift */,
				02ECF1EB1DE518A90032EEC2 /* Models */,
				02ECF1EA1DE518930032EEC2 /* Views */,
				02ECF1E91DE518820032EEC2 /* ViewControllers */,
				02ECF1EE1DE51A340032EEC2 /* Utilities */,
				02ECF1DE1DE518050032EEC2 /* LaunchScreen.storyboard */,
				378A44081E2434AA00A1373A /* GoogleService-Info.plist */,
				02ECF1E11DE518050032EEC2 /* Info.plist */,
			);
			path = ECaFT;
			sourceTree = "<group>";
		};
		02ECF1E91DE518820032EEC2 /* ViewControllers */ = {
			isa = PBXGroup;
			children = (
				DA43D9691FD1057100F580B9 /* CompanyDetailsViewController.swift */,
				DA43D9651FD1057100F580B9 /* CompanyViewController.swift */,
				DA43D96A1FD1057100F580B9 /* FavoritesViewController.swift */,
				DAE05BA9201BCF5D004A351D /* ListViewController.swift */,
				DA43D9661FD1057100F580B9 /* HomeViewController.swift */,
				DA43D9641FD1057100F580B9 /* MapViewController.swift */,
				DA43D9681FD1057100F580B9 /* MapViewController.xib */,
				DA43D9671FD1057100F580B9 /* TabViewController.swift */,
				DA43D95E1FD1049800F580B9 /* FiltersViewController.swift */,
			);
			name = ViewControllers;
			sourceTree = "<group>";
		};
		02ECF1EA1DE518930032EEC2 /* Views */ = {
			isa = PBXGroup;
			children = (
				DA43D9741FD1058B00F580B9 /* CompanyInfoTableViewCell.swift */,
				DA43D9771FD1058B00F580B9 /* CompanyInfoTableViewCell.xib */,
				DA43D97B1FD1058B00F580B9 /* CompanyTableViewCell.swift */,
				DA43D9721FD1058B00F580B9 /* CompanyTableViewCell.xib */,
				DA43D97C1FD1058B00F580B9 /* FavoritesTableViewCell.swift */,
				DA43D9791FD1058B00F580B9 /* FavoritesTableViewCell.xib */,
				DA43D97D1FD1058B00F580B9 /* ListTableViewCell.swift */,
				DA43D9781FD1058B00F580B9 /* ListTableViewCell.xib */,
				DA43D9751FD1058B00F580B9 /* NotesTableViewCell.swift */,
				DA43D9731FD1058B00F580B9 /* NotesTableViewCell.xib */,
				DA43D97A1FD1058B00F580B9 /* textViewTableViewCell.swift */,
				DA43D9761FD1058B00F580B9 /* textViewTableViewCell.xib */,
				DA3A49FF20088625004170DF /* FilterTableViewCell.swift */,
				DA3A4A0020088625004170DF /* FilterTableViewCell.xib */,
				DA3BF0CB2009A8250086C042 /* CollapsibleFilterTableViewHeader.swift */,
				DAE05BAB201BDC31004A351D /* ListCollectionViewCell.swift */,
				DAE05BAC201BDC31004A351D /* ListCollectionViewCell.xib */,
				DAE05BAF201C0007004A351D /* ListCollectionViewHeader.swift */,
			);
			name = Views;
			sourceTree = "<group>";
		};
		02ECF1EB1DE518A90032EEC2 /* Models */ = {
			isa = PBXGroup;
			children = (
				DA43D98A1FD1059700F580B9 /* Company.swift */,
				DA43D98B1FD1059700F580B9 /* CompanyViewModel.swift */,
				DA3A49FB20087952004170DF /* FilterOptionItem.swift */,
				DA3BF0C9200922B60086C042 /* FilterSection.swift */,
				DA3A49FD20088166004170DF /* FilterViewModel.swift */,
				DAE05BB3201C2A66004A351D /* List.swift */,
				DAE05BB5201C2A79004A351D /* ListItem.swift */,
			);
			name = Models;
			sourceTree = "<group>";
		};
		02ECF1EE1DE51A340032EEC2 /* Utilities */ = {
			isa = PBXGroup;
			children = (
				DA43D9601FD1050F00F580B9 /* ButtonSpacing.swift */,
				DA3BF0CD2009ACEE0086C042 /* Extensions.swift */,
				DA3BF0C52008F07C0086C042 /* Property.swift */,
				02ECF1DC1DE518050032EEC2 /* Assets.xcassets */,
			);
			name = Utilities;
			sourceTree = "<group>";
		};
		27F50A7B7941D7582831B920 /* Pods */ = {
			isa = PBXGroup;
			children = (
				655850E907766C700827834D /* Pods-ECaFT.debug.xcconfig */,
				5AA22436DA24D1F81DA8EA9F /* Pods-ECaFT.release.xcconfig */,
			);
			name = Pods;
			sourceTree = "<group>";
		};
		7C6A5F1D847B7E1C5D120FAB /* Frameworks */ = {
			isa = PBXGroup;
			children = (
				9744EAF4BD284A05D8A29D36 /* Pods_ECaFT.framework */,
			);
			name = Frameworks;
			sourceTree = "<group>";
		};
/* End PBXGroup section */

/* Begin PBXNativeTarget section */
		02ECF1D11DE518050032EEC2 /* ECaFT */ = {
			isa = PBXNativeTarget;
			buildConfigurationList = 02ECF1E41DE518050032EEC2 /* Build configuration list for PBXNativeTarget "ECaFT" */;
			buildPhases = (
				3B0F1A38C345E7869F35CFFB /* [CP] Check Pods Manifest.lock */,
				02ECF1CE1DE518050032EEC2 /* Sources */,
				02ECF1CF1DE518050032EEC2 /* Frameworks */,
				02ECF1D01DE518050032EEC2 /* Resources */,
				BEC549D223058DE5B38D1DC8 /* [CP] Embed Pods Frameworks */,
				BB338F437885246CE9724A6E /* [CP] Copy Pods Resources */,
			);
			buildRules = (
			);
			dependencies = (
			);
			name = ECaFT;
			productName = ECaFT;
			productReference = 02ECF1D21DE518050032EEC2 /* ECaFT.app */;
			productType = "com.apple.product-type.application";
		};
/* End PBXNativeTarget section */

/* Begin PBXProject section */
		02ECF1CA1DE518040032EEC2 /* Project object */ = {
			isa = PBXProject;
			attributes = {
				LastSwiftUpdateCheck = 0810;
				LastUpgradeCheck = 0920;
				ORGANIZATIONNAME = ECAFT;
				TargetAttributes = {
					02ECF1D11DE518050032EEC2 = {
						CreatedOnToolsVersion = 8.1;
						DevelopmentTeam = 9CVHL8W7A5;
						LastSwiftMigration = 0910;
						ProvisioningStyle = Automatic;
					};
				};
			};
			buildConfigurationList = 02ECF1CD1DE518040032EEC2 /* Build configuration list for PBXProject "ECaFT" */;
			compatibilityVersion = "Xcode 3.2";
			developmentRegion = English;
			hasScannedForEncodings = 0;
			knownRegions = (
				en,
				Base,
			);
			mainGroup = 02ECF1C91DE518040032EEC2;
			productRefGroup = 02ECF1D31DE518050032EEC2 /* Products */;
			projectDirPath = "";
			projectRoot = "";
			targets = (
				02ECF1D11DE518050032EEC2 /* ECaFT */,
			);
		};
/* End PBXProject section */

/* Begin PBXResourcesBuildPhase section */
		02ECF1D01DE518050032EEC2 /* Resources */ = {
			isa = PBXResourcesBuildPhase;
			buildActionMask = 2147483647;
			files = (
				02ECF1E01DE518050032EEC2 /* LaunchScreen.storyboard in Resources */,
				DA43D96F1FD1057100F580B9 /* MapViewController.xib in Resources */,
				DAE05BAE201BDC31004A351D /* ListCollectionViewCell.xib in Resources */,
				DA43D97E1FD1058B00F580B9 /* CompanyTableViewCell.xib in Resources */,
				DA43D9851FD1058C00F580B9 /* FavoritesTableViewCell.xib in Resources */,
				DA43D9831FD1058C00F580B9 /* CompanyInfoTableViewCell.xib in Resources */,
				DA43D9841FD1058C00F580B9 /* ListTableViewCell.xib in Resources */,
				02ECF1DD1DE518050032EEC2 /* Assets.xcassets in Resources */,
				DA43D9821FD1058B00F580B9 /* textViewTableViewCell.xib in Resources */,
				378A44091E2434AA00A1373A /* GoogleService-Info.plist in Resources */,
				DA3A4A0220088625004170DF /* FilterTableViewCell.xib in Resources */,
				DA43D97F1FD1058B00F580B9 /* NotesTableViewCell.xib in Resources */,
			);
			runOnlyForDeploymentPostprocessing = 0;
		};
/* End PBXResourcesBuildPhase section */

/* Begin PBXShellScriptBuildPhase section */
		3B0F1A38C345E7869F35CFFB /* [CP] Check Pods Manifest.lock */ = {
			isa = PBXShellScriptBuildPhase;
			buildActionMask = 2147483647;
			files = (
			);
			inputPaths = (
			);
			name = "[CP] Check Pods Manifest.lock";
			outputPaths = (
			);
			runOnlyForDeploymentPostprocessing = 0;
			shellPath = /bin/sh;
			shellScript = "diff \"${PODS_ROOT}/../Podfile.lock\" \"${PODS_ROOT}/Manifest.lock\" > /dev/null\nif [ $? != 0 ] ; then\n    # print error to STDERR\n    echo \"error: The sandbox is not in sync with the Podfile.lock. Run 'pod install' or update your CocoaPods installation.\" >&2\n    exit 1\nfi\n";
			showEnvVarsInLog = 0;
		};
		BB338F437885246CE9724A6E /* [CP] Copy Pods Resources */ = {
			isa = PBXShellScriptBuildPhase;
			buildActionMask = 2147483647;
			files = (
			);
			inputPaths = (
			);
			name = "[CP] Copy Pods Resources";
			outputPaths = (
			);
			runOnlyForDeploymentPostprocessing = 0;
			shellPath = /bin/sh;
			shellScript = "\"${SRCROOT}/Pods/Target Support Files/Pods-ECaFT/Pods-ECaFT-resources.sh\"\n";
			showEnvVarsInLog = 0;
		};
		BEC549D223058DE5B38D1DC8 /* [CP] Embed Pods Frameworks */ = {
			isa = PBXShellScriptBuildPhase;
			buildActionMask = 2147483647;
			files = (
			);
			inputPaths = (
			);
			name = "[CP] Embed Pods Frameworks";
			outputPaths = (
			);
			runOnlyForDeploymentPostprocessing = 0;
			shellPath = /bin/sh;
			shellScript = "\"${SRCROOT}/Pods/Target Support Files/Pods-ECaFT/Pods-ECaFT-frameworks.sh\"\n";
			showEnvVarsInLog = 0;
		};
/* End PBXShellScriptBuildPhase section */

/* Begin PBXSourcesBuildPhase section */
		02ECF1CE1DE518050032EEC2 /* Sources */ = {
			isa = PBXSourcesBuildPhase;
			buildActionMask = 2147483647;
			files = (
				02ECF1D61DE518050032EEC2 /* AppDelegate.swift in Sources */,
				DA43D9621FD1050F00F580B9 /* ButtonSpacing.swift in Sources */,
				DA3BF0C62008F07C0086C042 /* Property.swift in Sources */,
				DA3A49FE20088166004170DF /* FilterViewModel.swift in Sources */,
				DA43D9801FD1058B00F580B9 /* CompanyInfoTableViewCell.swift in Sources */,
				DA43D96D1FD1057100F580B9 /* HomeViewController.swift in Sources */,
				DA43D9891FD1058C00F580B9 /* ListTableViewCell.swift in Sources */,
				DA43D9811FD1058B00F580B9 /* NotesTableViewCell.swift in Sources */,
				DA43D96B1FD1057100F580B9 /* MapViewController.swift in Sources */,
				DAE05BB4201C2A66004A351D /* List.swift in Sources */,
				DAE05BB6201C2A79004A351D /* ListItem.swift in Sources */,
				DA3BF0CA200922B60086C042 /* FilterSection.swift in Sources */,
				DA43D96E1FD1057100F580B9 /* TabViewController.swift in Sources */,
				DA43D98D1FD1059700F580B9 /* CompanyViewModel.swift in Sources */,
				DA43D9701FD1057100F580B9 /* CompanyDetailsViewController.swift in Sources */,
				DA43D9711FD1057100F580B9 /* FavoritesViewController.swift in Sources */,
				DA3A4A0120088625004170DF /* FilterTableViewCell.swift in Sources */,
				DA43D9861FD1058C00F580B9 /* textViewTableViewCell.swift in Sources */,
				DA3A49FC20087952004170DF /* FilterOptionItem.swift in Sources */,
				DA43D98C1FD1059700F580B9 /* Company.swift in Sources */,
				DA43D95F1FD1049800F580B9 /* FiltersViewController.swift in Sources */,
				DAE05BB0201C0007004A351D /* ListCollectionViewHeader.swift in Sources */,
				DAE05BAA201BCF5D004A351D /* ListViewController.swift in Sources */,
				DAE05BAD201BDC31004A351D /* ListCollectionViewCell.swift in Sources */,
				DA3BF0CE2009ACEE0086C042 /* Extensions.swift in Sources */,
				DA43D96C1FD1057100F580B9 /* CompanyViewController.swift in Sources */,
				DA3BF0CC2009A8250086C042 /* CollapsibleFilterTableViewHeader.swift in Sources */,
				DA43D9881FD1058C00F580B9 /* FavoritesTableViewCell.swift in Sources */,
				DA43D9871FD1058C00F580B9 /* CompanyTableViewCell.swift in Sources */,
			);
			runOnlyForDeploymentPostprocessing = 0;
		};
/* End PBXSourcesBuildPhase section */

/* Begin PBXVariantGroup section */
		02ECF1DE1DE518050032EEC2 /* LaunchScreen.storyboard */ = {
			isa = PBXVariantGroup;
			children = (
				02ECF1DF1DE518050032EEC2 /* Base */,
			);
			name = LaunchScreen.storyboard;
			sourceTree = "<group>";
		};
/* End PBXVariantGroup section */

/* Begin XCBuildConfiguration section */
		02ECF1E21DE518050032EEC2 /* Debug */ = {
			isa = XCBuildConfiguration;
			buildSettings = {
				ALWAYS_SEARCH_USER_PATHS = NO;
				CLANG_ANALYZER_NONNULL = YES;
				CLANG_CXX_LANGUAGE_STANDARD = "gnu++0x";
				CLANG_CXX_LIBRARY = "libc++";
				CLANG_ENABLE_MODULES = YES;
				CLANG_ENABLE_OBJC_ARC = YES;
				CLANG_WARN_BLOCK_CAPTURE_AUTORELEASING = YES;
				CLANG_WARN_BOOL_CONVERSION = YES;
				CLANG_WARN_COMMA = YES;
				CLANG_WARN_CONSTANT_CONVERSION = YES;
				CLANG_WARN_DIRECT_OBJC_ISA_USAGE = YES_ERROR;
				CLANG_WARN_DOCUMENTATION_COMMENTS = YES;
				CLANG_WARN_EMPTY_BODY = YES;
				CLANG_WARN_ENUM_CONVERSION = YES;
				CLANG_WARN_INFINITE_RECURSION = YES;
				CLANG_WARN_INT_CONVERSION = YES;
				CLANG_WARN_NON_LITERAL_NULL_CONVERSION = YES;
				CLANG_WARN_OBJC_LITERAL_CONVERSION = YES;
				CLANG_WARN_OBJC_ROOT_CLASS = YES_ERROR;
				CLANG_WARN_RANGE_LOOP_ANALYSIS = YES;
				CLANG_WARN_STRICT_PROTOTYPES = YES;
				CLANG_WARN_SUSPICIOUS_MOVE = YES;
				CLANG_WARN_SUSPICIOUS_MOVES = YES;
				CLANG_WARN_UNREACHABLE_CODE = YES;
				CLANG_WARN__DUPLICATE_METHOD_MATCH = YES;
				"CODE_SIGN_IDENTITY[sdk=iphoneos*]" = "iPhone Developer";
				COPY_PHASE_STRIP = NO;
				DEBUG_INFORMATION_FORMAT = dwarf;
				ENABLE_STRICT_OBJC_MSGSEND = YES;
				ENABLE_TESTABILITY = YES;
				GCC_C_LANGUAGE_STANDARD = gnu99;
				GCC_DYNAMIC_NO_PIC = NO;
				GCC_NO_COMMON_BLOCKS = YES;
				GCC_OPTIMIZATION_LEVEL = 0;
				GCC_PREPROCESSOR_DEFINITIONS = (
					"DEBUG=1",
					"$(inherited)",
				);
				GCC_WARN_64_TO_32_BIT_CONVERSION = YES;
				GCC_WARN_ABOUT_RETURN_TYPE = YES_ERROR;
				GCC_WARN_UNDECLARED_SELECTOR = YES;
				GCC_WARN_UNINITIALIZED_AUTOS = YES_AGGRESSIVE;
				GCC_WARN_UNUSED_FUNCTION = YES;
				GCC_WARN_UNUSED_VARIABLE = YES;
				IPHONEOS_DEPLOYMENT_TARGET = 10.2;
				MTL_ENABLE_DEBUG_INFO = YES;
				ONLY_ACTIVE_ARCH = YES;
				SDKROOT = iphoneos;
				SWIFT_ACTIVE_COMPILATION_CONDITIONS = DEBUG;
				SWIFT_OPTIMIZATION_LEVEL = "-Onone";
				SWIFT_VERSION = 4.0;
			};
			name = Debug;
		};
		02ECF1E31DE518050032EEC2 /* Release */ = {
			isa = XCBuildConfiguration;
			buildSettings = {
				ALWAYS_SEARCH_USER_PATHS = NO;
				CLANG_ANALYZER_NONNULL = YES;
				CLANG_CXX_LANGUAGE_STANDARD = "gnu++0x";
				CLANG_CXX_LIBRARY = "libc++";
				CLANG_ENABLE_MODULES = YES;
				CLANG_ENABLE_OBJC_ARC = YES;
				CLANG_WARN_BLOCK_CAPTURE_AUTORELEASING = YES;
				CLANG_WARN_BOOL_CONVERSION = YES;
				CLANG_WARN_COMMA = YES;
				CLANG_WARN_CONSTANT_CONVERSION = YES;
				CLANG_WARN_DIRECT_OBJC_ISA_USAGE = YES_ERROR;
				CLANG_WARN_DOCUMENTATION_COMMENTS = YES;
				CLANG_WARN_EMPTY_BODY = YES;
				CLANG_WARN_ENUM_CONVERSION = YES;
				CLANG_WARN_INFINITE_RECURSION = YES;
				CLANG_WARN_INT_CONVERSION = YES;
				CLANG_WARN_NON_LITERAL_NULL_CONVERSION = YES;
				CLANG_WARN_OBJC_LITERAL_CONVERSION = YES;
				CLANG_WARN_OBJC_ROOT_CLASS = YES_ERROR;
				CLANG_WARN_RANGE_LOOP_ANALYSIS = YES;
				CLANG_WARN_STRICT_PROTOTYPES = YES;
				CLANG_WARN_SUSPICIOUS_MOVE = YES;
				CLANG_WARN_SUSPICIOUS_MOVES = YES;
				CLANG_WARN_UNREACHABLE_CODE = YES;
				CLANG_WARN__DUPLICATE_METHOD_MATCH = YES;
				"CODE_SIGN_IDENTITY[sdk=iphoneos*]" = "iPhone Developer";
				COPY_PHASE_STRIP = NO;
				DEBUG_INFORMATION_FORMAT = "dwarf-with-dsym";
				ENABLE_NS_ASSERTIONS = NO;
				ENABLE_STRICT_OBJC_MSGSEND = YES;
				GCC_C_LANGUAGE_STANDARD = gnu99;
				GCC_NO_COMMON_BLOCKS = YES;
				GCC_WARN_64_TO_32_BIT_CONVERSION = YES;
				GCC_WARN_ABOUT_RETURN_TYPE = YES_ERROR;
				GCC_WARN_UNDECLARED_SELECTOR = YES;
				GCC_WARN_UNINITIALIZED_AUTOS = YES_AGGRESSIVE;
				GCC_WARN_UNUSED_FUNCTION = YES;
				GCC_WARN_UNUSED_VARIABLE = YES;
				IPHONEOS_DEPLOYMENT_TARGET = 10.2;
				MTL_ENABLE_DEBUG_INFO = NO;
				SDKROOT = iphoneos;
				SWIFT_OPTIMIZATION_LEVEL = "-Owholemodule";
				SWIFT_VERSION = 4.0;
				VALIDATE_PRODUCT = YES;
			};
			name = Release;
		};
		02ECF1E51DE518050032EEC2 /* Debug */ = {
			isa = XCBuildConfiguration;
			baseConfigurationReference = 655850E907766C700827834D /* Pods-ECaFT.debug.xcconfig */;
			buildSettings = {
				ALWAYS_EMBED_SWIFT_STANDARD_LIBRARIES = YES;
				ASSETCATALOG_COMPILER_APPICON_NAME = AppIcon;
				DEVELOPMENT_TEAM = 9CVHL8W7A5;
				INFOPLIST_FILE = ECaFT/Info.plist;
				IPHONEOS_DEPLOYMENT_TARGET = 10.2;
				LD_RUNPATH_SEARCH_PATHS = "$(inherited) @executable_path/Frameworks";
				PRODUCT_BUNDLE_IDENTIFIER = "Allen-Logan.ECaFT";
				PRODUCT_NAME = "$(TARGET_NAME)";
				SWIFT_SWIFT3_OBJC_INFERENCE = On;
				SWIFT_VERSION = 4.0;
			};
			name = Debug;
		};
		02ECF1E61DE518050032EEC2 /* Release */ = {
			isa = XCBuildConfiguration;
			baseConfigurationReference = 5AA22436DA24D1F81DA8EA9F /* Pods-ECaFT.release.xcconfig */;
			buildSettings = {
				ALWAYS_EMBED_SWIFT_STANDARD_LIBRARIES = YES;
				ASSETCATALOG_COMPILER_APPICON_NAME = AppIcon;
				DEVELOPMENT_TEAM = 9CVHL8W7A5;
				INFOPLIST_FILE = ECaFT/Info.plist;
				IPHONEOS_DEPLOYMENT_TARGET = 10.2;
				LD_RUNPATH_SEARCH_PATHS = "$(inherited) @executable_path/Frameworks";
				PRODUCT_BUNDLE_IDENTIFIER = "Allen-Logan.ECaFT";
				PRODUCT_NAME = "$(TARGET_NAME)";
				SWIFT_SWIFT3_OBJC_INFERENCE = On;
				SWIFT_VERSION = 4.0;
			};
			name = Release;
		};
/* End XCBuildConfiguration section */

/* Begin XCConfigurationList section */
		02ECF1CD1DE518040032EEC2 /* Build configuration list for PBXProject "ECaFT" */ = {
			isa = XCConfigurationList;
			buildConfigurations = (
				02ECF1E21DE518050032EEC2 /* Debug */,
				02ECF1E31DE518050032EEC2 /* Release */,
			);
			defaultConfigurationIsVisible = 0;
			defaultConfigurationName = Release;
		};
		02ECF1E41DE518050032EEC2 /* Build configuration list for PBXNativeTarget "ECaFT" */ = {
			isa = XCConfigurationList;
			buildConfigurations = (
				02ECF1E51DE518050032EEC2 /* Debug */,
				02ECF1E61DE518050032EEC2 /* Release */,
			);
			defaultConfigurationIsVisible = 0;
			defaultConfigurationName = Release;
		};
/* End XCConfigurationList section */
	};
	rootObject = 02ECF1CA1DE518040032EEC2 /* Project object */;
}
